
Microsoft Visual Studio Solution File, Format Version 12.00
Project("{FAE04EC0-301F-11D3-BF4B-00C04F79EFBC}") = "ghost", "ghost\ghost.csproj", "{C42537A1-AA87-4975-A9FF-4D635BA24B50}"
EndProject
Project("{FAE04EC0-301F-11D3-BF4B-00C04F79EFBC}") = "web-reach", "web-reach\web-reach.csproj", "{03FD5DEB-1865-40C0-A407-6DF64D4881C6}"
EndProject
Project("{FAE04EC0-301F-11D3-BF4B-00C04F79EFBC}") = "control-station", "control-station\control-station.csproj", "{F985ADCE-118F-4697-B320-22AC41CF063F}"
EndProject
Project("{FAE04EC0-301F-11D3-BF4B-00C04F79EFBC}") = "common", "common\common.csproj", "{42007C88-B26A-4F73-8BDA-83368E7252BB}"
EndProject
Global
	GlobalSection(SolutionConfigurationPlatforms) = preSolution
		Debug|Any CPU = Debug|Any CPU
		Release|Any CPU = Release|Any CPU
	EndGlobalSection
	GlobalSection(ProjectConfigurationPlatforms) = postSolution
		{C42537A1-AA87-4975-A9FF-4D635BA24B50}.Debug|Any CPU.ActiveCfg = Debug|Any CPU
		{C42537A1-AA87-4975-A9FF-4D635BA24B50}.Debug|Any CPU.Build.0 = Debug|Any CPU
		{C42537A1-AA87-4975-A9FF-4D635BA24B50}.Release|Any CPU.ActiveCfg = Release|Any CPU
		{C42537A1-AA87-4975-A9FF-4D635BA24B50}.Release|Any CPU.Build.0 = Release|Any CPU
		{03FD5DEB-1865-40C0-A407-6DF64D4881C6}.Debug|Any CPU.ActiveCfg = Debug|Any CPU
		{03FD5DEB-1865-40C0-A407-6DF64D4881C6}.Debug|Any CPU.Build.0 = Debug|Any CPU
		{03FD5DEB-1865-40C0-A407-6DF64D4881C6}.Release|Any CPU.ActiveCfg = Release|Any CPU
		{03FD5DEB-1865-40C0-A407-6DF64D4881C6}.Release|Any CPU.Build.0 = Release|Any CPU
		{F985ADCE-118F-4697-B320-22AC41CF063F}.Debug|Any CPU.ActiveCfg = Debug|Any CPU
		{F985ADCE-118F-4697-B320-22AC41CF063F}.Debug|Any CPU.Build.0 = Debug|Any CPU
		{F985ADCE-118F-4697-B320-22AC41CF063F}.Release|Any CPU.ActiveCfg = Release|Any CPU
		{F985ADCE-118F-4697-B320-22AC41CF063F}.Release|Any CPU.Build.0 = Release|Any CPU
		{42007C88-B26A-4F73-8BDA-83368E7252BB}.Debug|Any CPU.ActiveCfg = Debug|Any CPU
		{42007C88-B26A-4F73-8BDA-83368E7252BB}.Debug|Any CPU.Build.0 = Debug|Any CPU
		{42007C88-B26A-4F73-8BDA-83368E7252BB}.Release|Any CPU.ActiveCfg = Release|Any CPU
		{42007C88-B26A-4F73-8BDA-83368E7252BB}.Release|Any CPU.Build.0 = Release|Any CPU
	EndGlobalSection
EndGlobal
